
Microsoft Visual Studio Solution File, Format Version 12.00
# Visual Studio Version 17
VisualStudioVersion = 17.8.34511.84
MinimumVisualStudioVersion = 10.0.40219.1
Project("{9A19103F-16F7-4668-BE54-9A1E7A4F7556}") = "SendFile", "SendFile\SendFile.csproj", "{1DE5DAC5-C652-4345-A2A9-9E281F32D512}"
EndProject
Project("{9A19103F-16F7-4668-BE54-9A1E7A4F7556}") = "FileServer", "FileServer\FileServer.csproj", "{45190661-BC45-4B82-9042-E5F393E8D3E8}"
EndProject
Project("{FAE04EC0-301F-11D3-BF4B-00C04F79EFBC}") = "Domain", "Domain\Domain.csproj", "{7B91A494-31B5-4D97-AF0E-A8396E2C9B46}"
EndProject
Project("{FAE04EC0-301F-11D3-BF4B-00C04F79EFBC}") = "Infrastructure", "Infrastructure\Infrastructure.csproj", "{010197DF-6B00-4109-8DF2-2EE9B2BF981F}"
EndProject
Project("{FAE04EC0-301F-11D3-BF4B-00C04F79EFBC}") = "Application", "Application\Application.csproj", "{B2813814-5D0B-4E15-B450-D1B10ECB1D6C}"
EndProject
Global
	GlobalSection(SolutionConfigurationPlatforms) = preSolution
		Debug|Any CPU = Debug|Any CPU
		Release|Any CPU = Release|Any CPU
	EndGlobalSection
	GlobalSection(ProjectConfigurationPlatforms) = postSolution
		{1DE5DAC5-C652-4345-A2A9-9E281F32D512}.Debug|Any CPU.ActiveCfg = Debug|Any CPU
		{1DE5DAC5-C652-4345-A2A9-9E281F32D512}.Debug|Any CPU.Build.0 = Debug|Any CPU
		{1DE5DAC5-C652-4345-A2A9-9E281F32D512}.Release|Any CPU.ActiveCfg = Release|Any CPU
		{1DE5DAC5-C652-4345-A2A9-9E281F32D512}.Release|Any CPU.Build.0 = Release|Any CPU
		{45190661-BC45-4B82-9042-E5F393E8D3E8}.Debug|Any CPU.ActiveCfg = Debug|Any CPU
		{45190661-BC45-4B82-9042-E5F393E8D3E8}.Debug|Any CPU.Build.0 = Debug|Any CPU
		{45190661-BC45-4B82-9042-E5F393E8D3E8}.Release|Any CPU.ActiveCfg = Release|Any CPU
		{45190661-BC45-4B82-9042-E5F393E8D3E8}.Release|Any CPU.Build.0 = Release|Any CPU
		{7B91A494-31B5-4D97-AF0E-A8396E2C9B46}.Debug|Any CPU.ActiveCfg = Debug|Any CPU
		{7B91A494-31B5-4D97-AF0E-A8396E2C9B46}.Debug|Any CPU.Build.0 = Debug|Any CPU
		{7B91A494-31B5-4D97-AF0E-A8396E2C9B46}.Release|Any CPU.ActiveCfg = Release|Any CPU
		{7B91A494-31B5-4D97-AF0E-A8396E2C9B46}.Release|Any CPU.Build.0 = Release|Any CPU
		{010197DF-6B00-4109-8DF2-2EE9B2BF981F}.Debug|Any CPU.ActiveCfg = Debug|Any CPU
		{010197DF-6B00-4109-8DF2-2EE9B2BF981F}.Debug|Any CPU.Build.0 = Debug|Any CPU
		{010197DF-6B00-4109-8DF2-2EE9B2BF981F}.Release|Any CPU.ActiveCfg = Release|Any CPU
		{010197DF-6B00-4109-8DF2-2EE9B2BF981F}.Release|Any CPU.Build.0 = Release|Any CPU
		{B2813814-5D0B-4E15-B450-D1B10ECB1D6C}.Debug|Any CPU.ActiveCfg = Debug|Any CPU
		{B2813814-5D0B-4E15-B450-D1B10ECB1D6C}.Debug|Any CPU.Build.0 = Debug|Any CPU
		{B2813814-5D0B-4E15-B450-D1B10ECB1D6C}.Release|Any CPU.ActiveCfg = Release|Any CPU
		{B2813814-5D0B-4E15-B450-D1B10ECB1D6C}.Release|Any CPU.Build.0 = Release|Any CPU
	EndGlobalSection
	GlobalSection(SolutionProperties) = preSolution
		HideSolutionNode = FALSE
	EndGlobalSection
	GlobalSection(ExtensibilityGlobals) = postSolution
		SolutionGuid = {EA1DE07C-464A-4419-B31B-E2642199DE48}
	EndGlobalSection
EndGlobal
